// !$*UTF8*$!
{
	archiveVersion = 1;
	classes = {
	};
	objectVersion = 46;
	objects = {

/* Begin PBXBuildFile section */
		7B021C631CF8968A006C2E24 /* SearchChannel.m in Sources */ = {isa = PBXBuildFile; fileRef = 7B021C621CF8968A006C2E24 /* SearchChannel.m */; };
		7B17CC761B32FC0900F60BFF /* settingMainViewController.m in Sources */ = {isa = PBXBuildFile; fileRef = 7B17CC751B32FC0900F60BFF /* settingMainViewController.m */; };
		7B17CC7A1B331E0500F60BFF /* LaunchView.m in Sources */ = {isa = PBXBuildFile; fileRef = 7B17CC791B331E0500F60BFF /* LaunchView.m */; };
		7B1DFD271CF733CE00D72E86 /* state1.png in Resources */ = {isa = PBXBuildFile; fileRef = 7B1DFD231CF733CE00D72E86 /* state1.png */; };
		7B1DFD281CF733CE00D72E86 /* state2.png in Resources */ = {isa = PBXBuildFile; fileRef = 7B1DFD241CF733CE00D72E86 /* state2.png */; };
		7B1DFD291CF733CE00D72E86 /* state3.png in Resources */ = {isa = PBXBuildFile; fileRef = 7B1DFD251CF733CE00D72E86 /* state3.png */; };
		7B1DFD2A1CF733CE00D72E86 /* state0.png in Resources */ = {isa = PBXBuildFile; fileRef = 7B1DFD261CF733CE00D72E86 /* state0.png */; };
		7B1DFD2D1CF7348100D72E86 /* ChannelMainCell.m in Sources */ = {isa = PBXBuildFile; fileRef = 7B1DFD2C1CF7348100D72E86 /* ChannelMainCell.m */; };
		7B23F3811B1B490B009779FC /* GPSClass.m in Sources */ = {isa = PBXBuildFile; fileRef = 7B23F3801B1B490B009779FC /* GPSClass.m */; };
		7B419BE11D0728B50037555D /* ChannelInfoController.m in Sources */ = {isa = PBXBuildFile; fileRef = 7B419BE01D0728B50037555D /* ChannelInfoController.m */; };
		7B419BE31D0991510037555D /* gridcellfornick.xib in Resources */ = {isa = PBXBuildFile; fileRef = 7B419BE21D0991510037555D /* gridcellfornick.xib */; };
		7B419BE61D0994E30037555D /* gridcellfornick.m in Sources */ = {isa = PBXBuildFile; fileRef = 7B419BE51D0994E30037555D /* gridcellfornick.m */; };
		7B4475F21B3845B900FEB452 /* png1.png in Resources */ = {isa = PBXBuildFile; fileRef = 7B4475E71B3845B900FEB452 /* png1.png */; };
		7B4475F31B3845B900FEB452 /* png2.png in Resources */ = {isa = PBXBuildFile; fileRef = 7B4475E81B3845B900FEB452 /* png2.png */; };
		7B4475F41B3845B900FEB452 /* png3.png in Resources */ = {isa = PBXBuildFile; fileRef = 7B4475E91B3845B900FEB452 /* png3.png */; };
		7B4475F51B3845B900FEB452 /* png4.png in Resources */ = {isa = PBXBuildFile; fileRef = 7B4475EA1B3845B900FEB452 /* png4.png */; };
		7B4475F61B3845B900FEB452 /* png5.png in Resources */ = {isa = PBXBuildFile; fileRef = 7B4475EB1B3845B900FEB452 /* png5.png */; };
		7B4475F71B3845B900FEB452 /* png6.png in Resources */ = {isa = PBXBuildFile; fileRef = 7B4475EC1B3845B900FEB452 /* png6.png */; };
		7B4475F81B3845B900FEB452 /* png7.png in Resources */ = {isa = PBXBuildFile; fileRef = 7B4475ED1B3845B900FEB452 /* png7.png */; };
		7B4475F91B3845B900FEB452 /* png8.png in Resources */ = {isa = PBXBuildFile; fileRef = 7B4475EE1B3845B900FEB452 /* png8.png */; };
		7B4475FA1B3845B900FEB452 /* png9.png in Resources */ = {isa = PBXBuildFile; fileRef = 7B4475EF1B3845B900FEB452 /* png9.png */; };
		7B4475FB1B3845B900FEB452 /* png10.png in Resources */ = {isa = PBXBuildFile; fileRef = 7B4475F01B3845B900FEB452 /* png10.png */; };
		7B4475FC1B3845B900FEB452 /* png11.png in Resources */ = {isa = PBXBuildFile; fileRef = 7B4475F11B3845B900FEB452 /* png11.png */; };
		7B4475FF1B385B6300FEB452 /* MainTabBar.m in Sources */ = {isa = PBXBuildFile; fileRef = 7B4475FE1B385B6300FEB452 /* MainTabBar.m */; };
		7B46CCA81CF1E32A00D0928E /* libWeChatSDK.a in Frameworks */ = {isa = PBXBuildFile; fileRef = 7B46CCA31CF1E32A00D0928E /* libWeChatSDK.a */; };
		7B46CCA91CF1E32A00D0928E /* WeChatClass.m in Sources */ = {isa = PBXBuildFile; fileRef = 7B46CCA51CF1E32A00D0928E /* WeChatClass.m */; };
		7B46CCAC1CF1E64000D0928E /* SheetUI.m in Sources */ = {isa = PBXBuildFile; fileRef = 7B46CCAB1CF1E64000D0928E /* SheetUI.m */; };
		7B46CCAE1CF1E64C00D0928E /* png.bundle in Resources */ = {isa = PBXBuildFile; fileRef = 7B46CCAD1CF1E64C00D0928E /* png.bundle */; };
		7B4CA8571CE0DA500086111B /* MapViewController.m in Sources */ = {isa = PBXBuildFile; fileRef = 7B4CA8561CE0DA500086111B /* MapViewController.m */; };
		7B4CF6401CDF6985000D4415 /* settingcell.xib in Resources */ = {isa = PBXBuildFile; fileRef = 7B4CF63F1CDF6985000D4415 /* settingcell.xib */; };
		7B4CF6431CDF6A8C000D4415 /* SettingCell.m in Sources */ = {isa = PBXBuildFile; fileRef = 7B4CF6421CDF6A8C000D4415 /* SettingCell.m */; };
		7B4CF6451CDF6F0C000D4415 /* Common.framework in Frameworks */ = {isa = PBXBuildFile; fileRef = 7B4CF6441CDF6F0C000D4415 /* Common.framework */; };
		7B4CF64C1CDF6F3E000D4415 /* libHttpClass.a in Frameworks */ = {isa = PBXBuildFile; fileRef = 7B4CF64B1CDF6F3E000D4415 /* libHttpClass.a */; };
		7B4CF64E1CDF6FAF000D4415 /* Common.framework in CopyFiles */ = {isa = PBXBuildFile; fileRef = 7B4CF6441CDF6F0C000D4415 /* Common.framework */; settings = {ATTRIBUTES = (CodeSignOnCopy, RemoveHeadersOnCopy, ); }; };
		7B4CF6501CDF714A000D4415 /* settingbackimg.jpg in Resources */ = {isa = PBXBuildFile; fileRef = 7B4CF64F1CDF714A000D4415 /* settingbackimg.jpg */; };
		7B4CF6551CDF79BD000D4415 /* AMap.bundle in Resources */ = {isa = PBXBuildFile; fileRef = 7B4CF6541CDF79BD000D4415 /* AMap.bundle */; };
		7B4CF6571CDF79D3000D4415 /* MAMapKit.framework in Frameworks */ = {isa = PBXBuildFile; fileRef = 7B4CF6561CDF79D3000D4415 /* MAMapKit.framework */; };
		7B4CF6591CDF7A9E000D4415 /* CoreGraphics.framework in Frameworks */ = {isa = PBXBuildFile; fileRef = 7B4CF6581CDF7A9E000D4415 /* CoreGraphics.framework */; };
		7B4CF65B1CDF7AAD000D4415 /* QuartzCore.framework in Frameworks */ = {isa = PBXBuildFile; fileRef = 7B4CF65A1CDF7AAD000D4415 /* QuartzCore.framework */; };
		7B4CF65D1CDF7AB6000D4415 /* OpenGLES.framework in Frameworks */ = {isa = PBXBuildFile; fileRef = 7B4CF65C1CDF7AB6000D4415 /* OpenGLES.framework */; };
		7B4CF65F1CDF7AC1000D4415 /* CoreLocation.framework in Frameworks */ = {isa = PBXBuildFile; fileRef = 7B4CF65E1CDF7AC1000D4415 /* CoreLocation.framework */; };
		7B4CF6611CDF7ACE000D4415 /* CoreTelephony.framework in Frameworks */ = {isa = PBXBuildFile; fileRef = 7B4CF6601CDF7ACE000D4415 /* CoreTelephony.framework */; };
		7B4CF6631CDF7ADD000D4415 /* SystemConfiguration.framework in Frameworks */ = {isa = PBXBuildFile; fileRef = 7B4CF6621CDF7ADD000D4415 /* SystemConfiguration.framework */; };
		7B4CF6651CDF7AED000D4415 /* libz.tbd in Frameworks */ = {isa = PBXBuildFile; fileRef = 7B4CF6641CDF7AED000D4415 /* libz.tbd */; };
		7B4CF6671CDF7B00000D4415 /* libstdc++.6.0.9.tbd in Frameworks */ = {isa = PBXBuildFile; fileRef = 7B4CF6661CDF7B00000D4415 /* libstdc++.6.0.9.tbd */; };
		7B4CF6691CDF7B09000D4415 /* Security.framework in Frameworks */ = {isa = PBXBuildFile; fileRef = 7B4CF6681CDF7B09000D4415 /* Security.framework */; };
		7B4CF66B1CDF7B14000D4415 /* UIKit.framework in Frameworks */ = {isa = PBXBuildFile; fileRef = 7B4CF66A1CDF7B14000D4415 /* UIKit.framework */; };
		7B4CF66D1CDF7B1A000D4415 /* Foundation.framework in Frameworks */ = {isa = PBXBuildFile; fileRef = 7B4CF66C1CDF7B1A000D4415 /* Foundation.framework */; };
		7B4CF66F1CDF7B57000D4415 /* libc++.tbd in Frameworks */ = {isa = PBXBuildFile; fileRef = 7B4CF66E1CDF7B57000D4415 /* libc++.tbd */; };
		7B4CF6721CDF8DCB000D4415 /* AMapLocationKit.framework in Frameworks */ = {isa = PBXBuildFile; fileRef = 7B4CF6711CDF8DCB000D4415 /* AMapLocationKit.framework */; };
		7B4CF6751CDF91C6000D4415 /* GDLocation.m in Sources */ = {isa = PBXBuildFile; fileRef = 7B4CF6741CDF91C6000D4415 /* GDLocation.m */; };
		7B6C7A9F1B4430A30012000B /* NotificationViewControl.m in Sources */ = {isa = PBXBuildFile; fileRef = 7B6C7A9E1B4430A30012000B /* NotificationViewControl.m */; };
		7B718C211B25E5E000AE4D8B /* MBProgressHUD.m in Sources */ = {isa = PBXBuildFile; fileRef = 7B718C201B25E5E000AE4D8B /* MBProgressHUD.m */; };
		7B7C3C4F1CE2330600D6668D /* btn_share.png in Resources */ = {isa = PBXBuildFile; fileRef = 7B7C3C4E1CE2330600D6668D /* btn_share.png */; };
		7B7C3C531CE233BB00D6668D /* btn_return.png in Resources */ = {isa = PBXBuildFile; fileRef = 7B7C3C521CE233BB00D6668D /* btn_return.png */; };
		7B893F521B3B029A00C1D776 /* CMSCoinView.m in Sources */ = {isa = PBXBuildFile; fileRef = 7B893F501B3B029A00C1D776 /* CMSCoinView.m */; };
		7B893F561B3B07AE00C1D776 /* LoginAndRegView.m in Sources */ = {isa = PBXBuildFile; fileRef = 7B893F551B3B07AE00C1D776 /* LoginAndRegView.m */; };
		7B893F581B3B080300C1D776 /* LoginView.xib in Resources */ = {isa = PBXBuildFile; fileRef = 7B893F571B3B080300C1D776 /* LoginView.xib */; };
		7B893F5B1B3B088900C1D776 /* LoginView.m in Sources */ = {isa = PBXBuildFile; fileRef = 7B893F5A1B3B088900C1D776 /* LoginView.m */; };
		7BAAB8311CD8E1C6003EBE37 /* jiantou.png in Resources */ = {isa = PBXBuildFile; fileRef = 7BAAB8301CD8E1C6003EBE37 /* jiantou.png */; };
		7BAAB8331CD8E266003EBE37 /* color.png in Resources */ = {isa = PBXBuildFile; fileRef = 7BAAB8321CD8E266003EBE37 /* color.png */; };
		7BAAB8351CD8E4B4003EBE37 /* gps.png in Resources */ = {isa = PBXBuildFile; fileRef = 7BAAB8341CD8E4B4003EBE37 /* gps.png */; };
		7BAAB8371CD8E591003EBE37 /* share.png in Resources */ = {isa = PBXBuildFile; fileRef = 7BAAB8361CD8E591003EBE37 /* share.png */; };
		7BAAB8391CD8E5D1003EBE37 /* about.png in Resources */ = {isa = PBXBuildFile; fileRef = 7BAAB8381CD8E5D1003EBE37 /* about.png */; };
		7BB2D2E41B3C4B1A00397F20 /* RegView.xib in Resources */ = {isa = PBXBuildFile; fileRef = 7BB2D2E31B3C4B1900397F20 /* RegView.xib */; };
		7BB2D2E71B3C4B6500397F20 /* RegView.m in Sources */ = {isa = PBXBuildFile; fileRef = 7BB2D2E61B3C4B6500397F20 /* RegView.m */; };
		7BB9C3D61B1CA63D0004225C /* channelViewController.m in Sources */ = {isa = PBXBuildFile; fileRef = 7BB9C3D51B1CA63D0004225C /* channelViewController.m */; };
		7BB9C3D91B1CAC0D0004225C /* addchannel.m in Sources */ = {isa = PBXBuildFile; fileRef = 7BB9C3D81B1CAC0D0004225C /* addchannel.m */; };
		7BBC232B1B1AF82800AA88DC /* main.m in Sources */ = {isa = PBXBuildFile; fileRef = 7BBC232A1B1AF82800AA88DC /* main.m */; };
		7BBC232E1B1AF82800AA88DC /* AppDelegate.m in Sources */ = {isa = PBXBuildFile; fileRef = 7BBC232D1B1AF82800AA88DC /* AppDelegate.m */; };
		7BBC23341B1AF82800AA88DC /* Main.storyboard in Resources */ = {isa = PBXBuildFile; fileRef = 7BBC23321B1AF82800AA88DC /* Main.storyboard */; };
		7BBC23361B1AF82800AA88DC /* Images.xcassets in Resources */ = {isa = PBXBuildFile; fileRef = 7BBC23351B1AF82800AA88DC /* Images.xcassets */; };
		7BBC23391B1AF82800AA88DC /* LaunchScreen.xib in Resources */ = {isa = PBXBuildFile; fileRef = 7BBC23371B1AF82800AA88DC /* LaunchScreen.xib */; };
		7BBF69D21CF5FA8800C14D81 /* lock.png in Resources */ = {isa = PBXBuildFile; fileRef = 7BBF69D01CF5FA8800C14D81 /* lock.png */; };
		7BBF69D31CF5FA8800C14D81 /* open.png in Resources */ = {isa = PBXBuildFile; fileRef = 7BBF69D11CF5FA8800C14D81 /* open.png */; };
		7BC0AAE81B40437500D53A84 /* readme.txt in Resources */ = {isa = PBXBuildFile; fileRef = 7BC0AAE71B40437500D53A84 /* readme.txt */; };
		7BC0AAEF1B4057BD00D53A84 /* DKCircleButton.m in Sources */ = {isa = PBXBuildFile; fileRef = 7BC0AAEE1B4057BD00D53A84 /* DKCircleButton.m */; };
		7BC66C1A1D044CCD00AEF132 /* GroupInfo.m in Sources */ = {isa = PBXBuildFile; fileRef = 7BC66C191D044CCD00AEF132 /* GroupInfo.m */; };
		7BCA9CB01B2342E9006D6156 /* AlertView.m in Sources */ = {isa = PBXBuildFile; fileRef = 7BCA9CAF1B2342E9006D6156 /* AlertView.m */; };
		7BCA9CB31B24950E006D6156 /* png.xcassets in Resources */ = {isa = PBXBuildFile; fileRef = 7BCA9CB21B24950E006D6156 /* png.xcassets */; };
		7BCF0CF11B1DEB3400DDD8D4 /* info.m in Sources */ = {isa = PBXBuildFile; fileRef = 7BCF0CF01B1DEB3400DDD8D4 /* info.m */; };
		7BCF0CF41B1DFED700DDD8D4 /* channelCell.xib in Resources */ = {isa = PBXBuildFile; fileRef = 7BCF0CF31B1DFED700DDD8D4 /* channelCell.xib */; };
		7BCF0CF71B1DFFE100DDD8D4 /* channelCell.m in Sources */ = {isa = PBXBuildFile; fileRef = 7BCF0CF61B1DFFE100DDD8D4 /* channelCell.m */; };
		7BCF0CFA1B1E020D00DDD8D4 /* Common.m in Sources */ = {isa = PBXBuildFile; fileRef = 7BCF0CF91B1E020D00DDD8D4 /* Common.m */; };
		7BCF0D021B1E06DA00DDD8D4 /* WebService.m in Sources */ = {isa = PBXBuildFile; fileRef = 7BCF0D011B1E06DA00DDD8D4 /* WebService.m */; };
		7BD9C2761D11906900EB744F /* loc.png in Resources */ = {isa = PBXBuildFile; fileRef = 7BD9C2751D11906900EB744F /* loc.png */; };
		7BD9C2781D11A37400EB744F /* uicontrol.xib in Resources */ = {isa = PBXBuildFile; fileRef = 7BD9C2771D11A37400EB744F /* uicontrol.xib */; };
		7BE416361CE5FE15001D324B /* GPSViewController.m in Sources */ = {isa = PBXBuildFile; fileRef = 7BE416351CE5FE15001D324B /* GPSViewController.m */; };
		7BE416381CE60D00001D324B /* AMapSearchKit.framework in Frameworks */ = {isa = PBXBuildFile; fileRef = 7BE416371CE60D00001D324B /* AMapSearchKit.framework */; };
		7BE4163A1CE73F86001D324B /* app_logo.png in Resources */ = {isa = PBXBuildFile; fileRef = 7BE416391CE73F86001D324B /* app_logo.png */; };
		7BE416471CE7729F001D324B /* TencentOpenApi_IOS_Bundle.bundle in Resources */ = {isa = PBXBuildFile; fileRef = 7BE416461CE7729F001D324B /* TencentOpenApi_IOS_Bundle.bundle */; };
		7BE4164F1CE782A9001D324B /* TencentOpenAPI.framework in Frameworks */ = {isa = PBXBuildFile; fileRef = 7BE4164E1CE782A9001D324B /* TencentOpenAPI.framework */; };
		7BE416521CE78567001D324B /* TencentClass.m in Sources */ = {isa = PBXBuildFile; fileRef = 7BE416511CE78567001D324B /* TencentClass.m */; };
		B45B62B01D12A76800C57F30 /* len.png in Resources */ = {isa = PBXBuildFile; fileRef = B45B62AD1D12A76800C57F30 /* len.png */; };
		B45B62B11D12A76800C57F30 /* meetpoint.png in Resources */ = {isa = PBXBuildFile; fileRef = B45B62AE1D12A76800C57F30 /* meetpoint.png */; };
		B45B62B21D12A76800C57F30 /* boradcast.png in Resources */ = {isa = PBXBuildFile; fileRef = B45B62AF1D12A76800C57F30 /* boradcast.png */; };
		B45B62B51D12A89400C57F30 /* ControlBtn.m in Sources */ = {isa = PBXBuildFile; fileRef = B45B62B41D12A89400C57F30 /* ControlBtn.m */; };
		B464B6591CF5A664009A6A6F /* channelmaincell.xib in Resources */ = {isa = PBXBuildFile; fileRef = B464B6581CF5A664009A6A6F /* channelmaincell.xib */; };
/* End PBXBuildFile section */

/* Begin PBXContainerItemProxy section */
		7BBC233F1B1AF82800AA88DC /* PBXContainerItemProxy */ = {
			isa = PBXContainerItemProxy;
			containerPortal = 7BBC231D1B1AF82800AA88DC /* Project object */;
			proxyType = 1;
			remoteGlobalIDString = 7BBC23241B1AF82800AA88DC;
			remoteInfo = findpoint;
		};
/* End PBXContainerItemProxy section */

/* Begin PBXCopyFilesBuildPhase section */
		7B4CF64D1CDF6FA7000D4415 /* CopyFiles */ = {
			isa = PBXCopyFilesBuildPhase;
			buildActionMask = 2147483647;
			dstPath = "";
			dstSubfolderSpec = 10;
			files = (
				7B4CF64E1CDF6FAF000D4415 /* Common.framework in CopyFiles */,
			);
			runOnlyForDeploymentPostprocessing = 0;
		};
/* End PBXCopyFilesBuildPhase section */

/* Begin PBXFileReference section */
		7B021C611CF8968A006C2E24 /* SearchChannel.h */ = {isa = PBXFileReference; fileEncoding = 4; lastKnownFileType = sourcecode.c.h; path = SearchChannel.h; sourceTree = "<group>"; };
		7B021C621CF8968A006C2E24 /* SearchChannel.m */ = {isa = PBXFileReference; fileEncoding = 4; lastKnownFileType = sourcecode.c.objc; path = SearchChannel.m; sourceTree = "<group>"; };
		7B17CC741B32FC0900F60BFF /* settingMainViewController.h */ = {isa = PBXFileReference; fileEncoding = 4; lastKnownFileType = sourcecode.c.h; path = settingMainViewController.h; sourceTree = "<group>"; };
		7B17CC751B32FC0900F60BFF /* settingMainViewController.m */ = {isa = PBXFileReference; fileEncoding = 4; lastKnownFileType = sourcecode.c.objc; path = settingMainViewController.m; sourceTree = "<group>"; };
		7B17CC781B331E0500F60BFF /* LaunchView.h */ = {isa = PBXFileReference; fileEncoding = 4; lastKnownFileType = sourcecode.c.h; path = LaunchView.h; sourceTree = "<group>"; };
		7B17CC791B331E0500F60BFF /* LaunchView.m */ = {isa = PBXFileReference; fileEncoding = 4; lastKnownFileType = sourcecode.c.objc; path = LaunchView.m; sourceTree = "<group>"; };
		7B1DFD231CF733CE00D72E86 /* state1.png */ = {isa = PBXFileReference; lastKnownFileType = image.png; path = state1.png; sourceTree = "<group>"; };
		7B1DFD241CF733CE00D72E86 /* state2.png */ = {isa = PBXFileReference; lastKnownFileType = image.png; path = state2.png; sourceTree = "<group>"; };
		7B1DFD251CF733CE00D72E86 /* state3.png */ = {isa = PBXFileReference; lastKnownFileType = image.png; path = state3.png; sourceTree = "<group>"; };
		7B1DFD261CF733CE00D72E86 /* state0.png */ = {isa = PBXFileReference; lastKnownFileType = image.png; path = state0.png; sourceTree = "<group>"; };
		7B1DFD2B1CF7348100D72E86 /* ChannelMainCell.h */ = {isa = PBXFileReference; fileEncoding = 4; lastKnownFileType = sourcecode.c.h; path = ChannelMainCell.h; sourceTree = "<group>"; };
		7B1DFD2C1CF7348100D72E86 /* ChannelMainCell.m */ = {isa = PBXFileReference; fileEncoding = 4; lastKnownFileType = sourcecode.c.objc; path = ChannelMainCell.m; sourceTree = "<group>"; };
		7B23F37F1B1B490B009779FC /* GPSClass.h */ = {isa = PBXFileReference; fileEncoding = 4; lastKnownFileType = sourcecode.c.h; path = GPSClass.h; sourceTree = "<group>"; };
		7B23F3801B1B490B009779FC /* GPSClass.m */ = {isa = PBXFileReference; fileEncoding = 4; lastKnownFileType = sourcecode.c.objc; path = GPSClass.m; sourceTree = "<group>"; };
		7B419BDF1D0728B50037555D /* ChannelInfoController.h */ = {isa = PBXFileReference; fileEncoding = 4; lastKnownFileType = sourcecode.c.h; path = ChannelInfoController.h; sourceTree = "<group>"; };
		7B419BE01D0728B50037555D /* ChannelInfoController.m */ = {isa = PBXFileReference; fileEncoding = 4; lastKnownFileType = sourcecode.c.objc; path = ChannelInfoController.m; sourceTree = "<group>"; };
		7B419BE21D0991510037555D /* gridcellfornick.xib */ = {isa = PBXFileReference; fileEncoding = 4; lastKnownFileType = file.xib; path = gridcellfornick.xib; sourceTree = "<group>"; };
		7B419BE41D0994E30037555D /* gridcellfornick.h */ = {isa = PBXFileReference; fileEncoding = 4; lastKnownFileType = sourcecode.c.h; path = gridcellfornick.h; sourceTree = "<group>"; };
		7B419BE51D0994E30037555D /* gridcellfornick.m */ = {isa = PBXFileReference; fileEncoding = 4; lastKnownFileType = sourcecode.c.objc; path = gridcellfornick.m; sourceTree = "<group>"; };
		7B4475E51B38304600FEB452 /* WebUrl.h */ = {isa = PBXFileReference; lastKnownFileType = sourcecode.c.h; path = WebUrl.h; sourceTree = "<group>"; };
		7B4475E71B3845B900FEB452 /* png1.png */ = {isa = PBXFileReference; lastKnownFileType = image.png; path = png1.png; sourceTree = "<group>"; };
		7B4475E81B3845B900FEB452 /* png2.png */ = {isa = PBXFileReference; lastKnownFileType = image.png; path = png2.png; sourceTree = "<group>"; };
		7B4475E91B3845B900FEB452 /* png3.png */ = {isa = PBXFileReference; lastKnownFileType = image.png; path = png3.png; sourceTree = "<group>"; };
		7B4475EA1B3845B900FEB452 /* png4.png */ = {isa = PBXFileReference; lastKnownFileType = image.png; path = png4.png; sourceTree = "<group>"; };
		7B4475EB1B3845B900FEB452 /* png5.png */ = {isa = PBXFileReference; lastKnownFileType = image.png; path = png5.png; sourceTree = "<group>"; };
		7B4475EC1B3845B900FEB452 /* png6.png */ = {isa = PBXFileReference; lastKnownFileType = image.png; path = png6.png; sourceTree = "<group>"; };
		7B4475ED1B3845B900FEB452 /* png7.png */ = {isa = PBXFileReference; lastKnownFileType = image.png; path = png7.png; sourceTree = "<group>"; };
		7B4475EE1B3845B900FEB452 /* png8.png */ = {isa = PBXFileReference; lastKnownFileType = image.png; path = png8.png; sourceTree = "<group>"; };
		7B4475EF1B3845B900FEB452 /* png9.png */ = {isa = PBXFileReference; lastKnownFileType = image.png; path = png9.png; sourceTree = "<group>"; };
		7B4475F01B3845B900FEB452 /* png10.png */ = {isa = PBXFileReference; lastKnownFileType = image.png; path = png10.png; sourceTree = "<group>"; };
		7B4475F11B3845B900FEB452 /* png11.png */ = {isa = PBXFileReference; lastKnownFileType = image.png; path = png11.png; sourceTree = "<group>"; };
		7B4475FD1B385B6300FEB452 /* MainTabBar.h */ = {isa = PBXFileReference; fileEncoding = 4; lastKnownFileType = sourcecode.c.h; path = MainTabBar.h; sourceTree = "<group>"; };
		7B4475FE1B385B6300FEB452 /* MainTabBar.m */ = {isa = PBXFileReference; fileEncoding = 4; lastKnownFileType = sourcecode.c.objc; path = MainTabBar.m; sourceTree = "<group>"; };
		7B46CCA31CF1E32A00D0928E /* libWeChatSDK.a */ = {isa = PBXFileReference; lastKnownFileType = archive.ar; path = libWeChatSDK.a; sourceTree = "<group>"; };
		7B46CCA41CF1E32A00D0928E /* WeChatClass.h */ = {isa = PBXFileReference; fileEncoding = 4; lastKnownFileType = sourcecode.c.h; path = WeChatClass.h; sourceTree = "<group>"; };
		7B46CCA51CF1E32A00D0928E /* WeChatClass.m */ = {isa = PBXFileReference; fileEncoding = 4; lastKnownFileType = sourcecode.c.objc; path = WeChatClass.m; sourceTree = "<group>"; };
		7B46CCA61CF1E32A00D0928E /* WXApi.h */ = {isa = PBXFileReference; fileEncoding = 4; lastKnownFileType = sourcecode.c.h; path = WXApi.h; sourceTree = "<group>"; };
		7B46CCA71CF1E32A00D0928E /* WXApiObject.h */ = {isa = PBXFileReference; fileEncoding = 4; lastKnownFileType = sourcecode.c.h; path = WXApiObject.h; sourceTree = "<group>"; };
		7B46CCAA1CF1E64000D0928E /* SheetUI.h */ = {isa = PBXFileReference; fileEncoding = 4; lastKnownFileType = sourcecode.c.h; path = SheetUI.h; sourceTree = "<group>"; };
		7B46CCAB1CF1E64000D0928E /* SheetUI.m */ = {isa = PBXFileReference; fileEncoding = 4; lastKnownFileType = sourcecode.c.objc; path = SheetUI.m; sourceTree = "<group>"; };
		7B46CCAD1CF1E64C00D0928E /* png.bundle */ = {isa = PBXFileReference; lastKnownFileType = "wrapper.plug-in"; path = png.bundle; sourceTree = "<group>"; };
		7B46CCAF1CF1E65800D0928E /* ShareClass.h */ = {isa = PBXFileReference; lastKnownFileType = sourcecode.c.h; path = ShareClass.h; sourceTree = "<group>"; };
		7B4CA8551CE0DA500086111B /* MapViewController.h */ = {isa = PBXFileReference; fileEncoding = 4; lastKnownFileType = sourcecode.c.h; path = MapViewController.h; sourceTree = "<group>"; };
		7B4CA8561CE0DA500086111B /* MapViewController.m */ = {isa = PBXFileReference; fileEncoding = 4; lastKnownFileType = sourcecode.c.objc; path = MapViewController.m; sourceTree = "<group>"; };
		7B4CF63F1CDF6985000D4415 /* settingcell.xib */ = {isa = PBXFileReference; fileEncoding = 4; lastKnownFileType = file.xib; path = settingcell.xib; sourceTree = "<group>"; };
		7B4CF6411CDF6A8C000D4415 /* SettingCell.h */ = {isa = PBXFileReference; fileEncoding = 4; lastKnownFileType = sourcecode.c.h; path = SettingCell.h; sourceTree = "<group>"; };
		7B4CF6421CDF6A8C000D4415 /* SettingCell.m */ = {isa = PBXFileReference; fileEncoding = 4; lastKnownFileType = sourcecode.c.objc; path = SettingCell.m; sourceTree = "<group>"; };
		7B4CF6441CDF6F0C000D4415 /* Common.framework */ = {isa = PBXFileReference; lastKnownFileType = wrapper.framework; name = Common.framework; path = findpoint/Common.framework; sourceTree = "<group>"; };
		7B4CF6481CDF6F3E000D4415 /* AppleToken.h */ = {isa = PBXFileReference; fileEncoding = 4; lastKnownFileType = sourcecode.c.h; path = AppleToken.h; sourceTree = "<group>"; };
		7B4CF6491CDF6F3E000D4415 /* HttpClass.h */ = {isa = PBXFileReference; fileEncoding = 4; lastKnownFileType = sourcecode.c.h; path = HttpClass.h; sourceTree = "<group>"; };
		7B4CF64A1CDF6F3E000D4415 /* info.h */ = {isa = PBXFileReference; fileEncoding = 4; lastKnownFileType = sourcecode.c.h; path = info.h; sourceTree = "<group>"; };
		7B4CF64B1CDF6F3E000D4415 /* libHttpClass.a */ = {isa = PBXFileReference; lastKnownFileType = archive.ar; name = libHttpClass.a; path = findpoint/libHttpClass.a; sourceTree = "<group>"; };
		7B4CF64F1CDF714A000D4415 /* settingbackimg.jpg */ = {isa = PBXFileReference; lastKnownFileType = image.jpeg; path = settingbackimg.jpg; sourceTree = "<group>"; };
		7B4CF6541CDF79BD000D4415 /* AMap.bundle */ = {isa = PBXFileReference; lastKnownFileType = "wrapper.plug-in"; path = AMap.bundle; sourceTree = "<group>"; };
		7B4CF6561CDF79D3000D4415 /* MAMapKit.framework */ = {isa = PBXFileReference; lastKnownFileType = wrapper.framework; path = MAMapKit.framework; sourceTree = "<group>"; };
		7B4CF6581CDF7A9E000D4415 /* CoreGraphics.framework */ = {isa = PBXFileReference; lastKnownFileType = wrapper.framework; name = CoreGraphics.framework; path = System/Library/Frameworks/CoreGraphics.framework; sourceTree = SDKROOT; };
		7B4CF65A1CDF7AAD000D4415 /* QuartzCore.framework */ = {isa = PBXFileReference; lastKnownFileType = wrapper.framework; name = QuartzCore.framework; path = System/Library/Frameworks/QuartzCore.framework; sourceTree = SDKROOT; };
		7B4CF65C1CDF7AB6000D4415 /* OpenGLES.framework */ = {isa = PBXFileReference; lastKnownFileType = wrapper.framework; name = OpenGLES.framework; path = System/Library/Frameworks/OpenGLES.framework; sourceTree = SDKROOT; };
		7B4CF65E1CDF7AC1000D4415 /* CoreLocation.framework */ = {isa = PBXFileReference; lastKnownFileType = wrapper.framework; name = CoreLocation.framework; path = System/Library/Frameworks/CoreLocation.framework; sourceTree = SDKROOT; };
		7B4CF6601CDF7ACE000D4415 /* CoreTelephony.framework */ = {isa = PBXFileReference; lastKnownFileType = wrapper.framework; name = CoreTelephony.framework; path = System/Library/Frameworks/CoreTelephony.framework; sourceTree = SDKROOT; };
		7B4CF6621CDF7ADD000D4415 /* SystemConfiguration.framework */ = {isa = PBXFileReference; lastKnownFileType = wrapper.framework; name = SystemConfiguration.framework; path = System/Library/Frameworks/SystemConfiguration.framework; sourceTree = SDKROOT; };
		7B4CF6641CDF7AED000D4415 /* libz.tbd */ = {isa = PBXFileReference; lastKnownFileType = "sourcecode.text-based-dylib-definition"; name = libz.tbd; path = usr/lib/libz.tbd; sourceTree = SDKROOT; };
		7B4CF6661CDF7B00000D4415 /* libstdc++.6.0.9.tbd */ = {isa = PBXFileReference; lastKnownFileType = "sourcecode.text-based-dylib-definition"; name = "libstdc++.6.0.9.tbd"; path = "usr/lib/libstdc++.6.0.9.tbd"; sourceTree = SDKROOT; };
		7B4CF6681CDF7B09000D4415 /* Security.framework */ = {isa = PBXFileReference; lastKnownFileType = wrapper.framework; name = Security.framework; path = System/Library/Frameworks/Security.framework; sourceTree = SDKROOT; };
		7B4CF66A1CDF7B14000D4415 /* UIKit.framework */ = {isa = PBXFileReference; lastKnownFileType = wrapper.framework; name = UIKit.framework; path = System/Library/Frameworks/UIKit.framework; sourceTree = SDKROOT; };
		7B4CF66C1CDF7B1A000D4415 /* Foundation.framework */ = {isa = PBXFileReference; lastKnownFileType = wrapper.framework; name = Foundation.framework; path = System/Library/Frameworks/Foundation.framework; sourceTree = SDKROOT; };
		7B4CF66E1CDF7B57000D4415 /* libc++.tbd */ = {isa = PBXFileReference; lastKnownFileType = "sourcecode.text-based-dylib-definition"; name = "libc++.tbd"; path = "usr/lib/libc++.tbd"; sourceTree = SDKROOT; };
		7B4CF6711CDF8DCB000D4415 /* AMapLocationKit.framework */ = {isa = PBXFileReference; lastKnownFileType = wrapper.framework; path = AMapLocationKit.framework; sourceTree = "<group>"; };
		7B4CF6731CDF91C6000D4415 /* GDLocation.h */ = {isa = PBXFileReference; fileEncoding = 4; lastKnownFileType = sourcecode.c.h; path = GDLocation.h; sourceTree = "<group>"; };
		7B4CF6741CDF91C6000D4415 /* GDLocation.m */ = {isa = PBXFileReference; fileEncoding = 4; lastKnownFileType = sourcecode.c.objc; path = GDLocation.m; sourceTree = "<group>"; };
		7B6C7A9D1B4430A30012000B /* NotificationViewControl.h */ = {isa = PBXFileReference; fileEncoding = 4; lastKnownFileType = sourcecode.c.h; path = NotificationViewControl.h; sourceTree = "<group>"; };
		7B6C7A9E1B4430A30012000B /* NotificationViewControl.m */ = {isa = PBXFileReference; fileEncoding = 4; lastKnownFileType = sourcecode.c.objc; path = NotificationViewControl.m; sourceTree = "<group>"; };
		7B718C1F1B25E5E000AE4D8B /* MBProgressHUD.h */ = {isa = PBXFileReference; fileEncoding = 4; lastKnownFileType = sourcecode.c.h; path = MBProgressHUD.h; sourceTree = "<group>"; };
		7B718C201B25E5E000AE4D8B /* MBProgressHUD.m */ = {isa = PBXFileReference; fileEncoding = 4; lastKnownFileType = sourcecode.c.objc; path = MBProgressHUD.m; sourceTree = "<group>"; };
		7B7C3C4E1CE2330600D6668D /* btn_share.png */ = {isa = PBXFileReference; lastKnownFileType = image.png; path = btn_share.png; sourceTree = "<group>"; };
		7B7C3C521CE233BB00D6668D /* btn_return.png */ = {isa = PBXFileReference; lastKnownFileType = image.png; path = btn_return.png; sourceTree = "<group>"; };
		7B893F501B3B029A00C1D776 /* CMSCoinView.m */ = {isa = PBXFileReference; fileEncoding = 4; lastKnownFileType = sourcecode.c.objc; path = CMSCoinView.m; sourceTree = "<group>"; };
		7B893F511B3B029A00C1D776 /* CMSCoinView.h */ = {isa = PBXFileReference; fileEncoding = 4; lastKnownFileType = sourcecode.c.h; path = CMSCoinView.h; sourceTree = "<group>"; };
		7B893F541B3B07AE00C1D776 /* LoginAndRegView.h */ = {isa = PBXFileReference; fileEncoding = 4; lastKnownFileType = sourcecode.c.h; path = LoginAndRegView.h; sourceTree = "<group>"; };
		7B893F551B3B07AE00C1D776 /* LoginAndRegView.m */ = {isa = PBXFileReference; fileEncoding = 4; lastKnownFileType = sourcecode.c.objc; path = LoginAndRegView.m; sourceTree = "<group>"; };
		7B893F571B3B080300C1D776 /* LoginView.xib */ = {isa = PBXFileReference; fileEncoding = 4; lastKnownFileType = file.xib; path = LoginView.xib; sourceTree = "<group>"; };
		7B893F591B3B088900C1D776 /* LoginView.h */ = {isa = PBXFileReference; fileEncoding = 4; lastKnownFileType = sourcecode.c.h; path = LoginView.h; sourceTree = "<group>"; };
		7B893F5A1B3B088900C1D776 /* LoginView.m */ = {isa = PBXFileReference; fileEncoding = 4; lastKnownFileType = sourcecode.c.objc; path = LoginView.m; sourceTree = "<group>"; };
		7BAAB8301CD8E1C6003EBE37 /* jiantou.png */ = {isa = PBXFileReference; lastKnownFileType = image.png; path = jiantou.png; sourceTree = "<group>"; };
		7BAAB8321CD8E266003EBE37 /* color.png */ = {isa = PBXFileReference; lastKnownFileType = image.png; path = color.png; sourceTree = "<group>"; };
		7BAAB8341CD8E4B4003EBE37 /* gps.png */ = {isa = PBXFileReference; lastKnownFileType = image.png; path = gps.png; sourceTree = "<group>"; };
		7BAAB8361CD8E591003EBE37 /* share.png */ = {isa = PBXFileReference; lastKnownFileType = image.png; path = share.png; sourceTree = "<group>"; };
		7BAAB8381CD8E5D1003EBE37 /* about.png */ = {isa = PBXFileReference; lastKnownFileType = image.png; path = about.png; sourceTree = "<group>"; };
		7BB2D2E31B3C4B1900397F20 /* RegView.xib */ = {isa = PBXFileReference; fileEncoding = 4; lastKnownFileType = file.xib; path = RegView.xib; sourceTree = "<group>"; };
		7BB2D2E51B3C4B6500397F20 /* RegView.h */ = {isa = PBXFileReference; fileEncoding = 4; lastKnownFileType = sourcecode.c.h; path = RegView.h; sourceTree = "<group>"; };
		7BB2D2E61B3C4B6500397F20 /* RegView.m */ = {isa = PBXFileReference; fileEncoding = 4; lastKnownFileType = sourcecode.c.objc; path = RegView.m; sourceTree = "<group>"; };
		7BB9C3D41B1CA63D0004225C /* channelViewController.h */ = {isa = PBXFileReference; fileEncoding = 4; lastKnownFileType = sourcecode.c.h; path = channelViewController.h; sourceTree = "<group>"; };
		7BB9C3D51B1CA63D0004225C /* channelViewController.m */ = {isa = PBXFileReference; fileEncoding = 4; lastKnownFileType = sourcecode.c.objc; path = channelViewController.m; sourceTree = "<group>"; };
		7BB9C3D71B1CAC0D0004225C /* addchannel.h */ = {isa = PBXFileReference; fileEncoding = 4; lastKnownFileType = sourcecode.c.h; path = addchannel.h; sourceTree = "<group>"; };
		7BB9C3D81B1CAC0D0004225C /* addchannel.m */ = {isa = PBXFileReference; fileEncoding = 4; lastKnownFileType = sourcecode.c.objc; path = addchannel.m; sourceTree = "<group>"; };
		7BBC23251B1AF82800AA88DC /* findpoint.app */ = {isa = PBXFileReference; explicitFileType = wrapper.application; includeInIndex = 0; path = findpoint.app; sourceTree = BUILT_PRODUCTS_DIR; };
		7BBC23291B1AF82800AA88DC /* Info.plist */ = {isa = PBXFileReference; lastKnownFileType = text.plist.xml; path = Info.plist; sourceTree = "<group>"; };
		7BBC232A1B1AF82800AA88DC /* main.m */ = {isa = PBXFileReference; lastKnownFileType = sourcecode.c.objc; path = main.m; sourceTree = "<group>"; };
		7BBC232C1B1AF82800AA88DC /* AppDelegate.h */ = {isa = PBXFileReference; lastKnownFileType = sourcecode.c.h; path = AppDelegate.h; sourceTree = "<group>"; };
		7BBC232D1B1AF82800AA88DC /* AppDelegate.m */ = {isa = PBXFileReference; lastKnownFileType = sourcecode.c.objc; path = AppDelegate.m; sourceTree = "<group>"; };
		7BBC23331B1AF82800AA88DC /* Base */ = {isa = PBXFileReference; lastKnownFileType = file.storyboard; name = Base; path = Base.lproj/Main.storyboard; sourceTree = "<group>"; };
		7BBC23351B1AF82800AA88DC /* Images.xcassets */ = {isa = PBXFileReference; lastKnownFileType = folder.assetcatalog; path = Images.xcassets; sourceTree = "<group>"; };
		7BBC23381B1AF82800AA88DC /* Base */ = {isa = PBXFileReference; lastKnownFileType = file.xib; name = Base; path = Base.lproj/LaunchScreen.xib; sourceTree = "<group>"; };
		7BBC233E1B1AF82800AA88DC /* findpointTests.xctest */ = {isa = PBXFileReference; explicitFileType = wrapper.cfbundle; includeInIndex = 0; path = findpointTests.xctest; sourceTree = BUILT_PRODUCTS_DIR; };
		7BBF69D01CF5FA8800C14D81 /* lock.png */ = {isa = PBXFileReference; lastKnownFileType = image.png; path = lock.png; sourceTree = "<group>"; };
		7BBF69D11CF5FA8800C14D81 /* open.png */ = {isa = PBXFileReference; lastKnownFileType = image.png; path = open.png; sourceTree = "<group>"; };
		7BC0AAE71B40437500D53A84 /* readme.txt */ = {isa = PBXFileReference; fileEncoding = 4; lastKnownFileType = text; path = readme.txt; sourceTree = "<group>"; };
		7BC0AAED1B4057BD00D53A84 /* DKCircleButton.h */ = {isa = PBXFileReference; fileEncoding = 4; lastKnownFileType = sourcecode.c.h; path = DKCircleButton.h; sourceTree = "<group>"; };
		7BC0AAEE1B4057BD00D53A84 /* DKCircleButton.m */ = {isa = PBXFileReference; fileEncoding = 4; lastKnownFileType = sourcecode.c.objc; path = DKCircleButton.m; sourceTree = "<group>"; };
		7BC66C181D044CCD00AEF132 /* GroupInfo.h */ = {isa = PBXFileReference; fileEncoding = 4; lastKnownFileType = sourcecode.c.h; path = GroupInfo.h; sourceTree = "<group>"; };
		7BC66C191D044CCD00AEF132 /* GroupInfo.m */ = {isa = PBXFileReference; fileEncoding = 4; lastKnownFileType = sourcecode.c.objc; path = GroupInfo.m; sourceTree = "<group>"; };
		7BCA9CAE1B2342E9006D6156 /* AlertView.h */ = {isa = PBXFileReference; fileEncoding = 4; lastKnownFileType = sourcecode.c.h; path = AlertView.h; sourceTree = "<group>"; };
		7BCA9CAF1B2342E9006D6156 /* AlertView.m */ = {isa = PBXFileReference; fileEncoding = 4; lastKnownFileType = sourcecode.c.objc; path = AlertView.m; sourceTree = "<group>"; };
		7BCA9CB21B24950E006D6156 /* png.xcassets */ = {isa = PBXFileReference; lastKnownFileType = folder.assetcatalog; path = png.xcassets; sourceTree = "<group>"; };
		7BCF0CEF1B1DEB3400DDD8D4 /* info.h */ = {isa = PBXFileReference; fileEncoding = 4; lastKnownFileType = sourcecode.c.h; path = info.h; sourceTree = "<group>"; };
		7BCF0CF01B1DEB3400DDD8D4 /* info.m */ = {isa = PBXFileReference; fileEncoding = 4; lastKnownFileType = sourcecode.c.objc; path = info.m; sourceTree = "<group>"; };
		7BCF0CF31B1DFED700DDD8D4 /* channelCell.xib */ = {isa = PBXFileReference; fileEncoding = 4; lastKnownFileType = file.xib; path = channelCell.xib; sourceTree = "<group>"; };
		7BCF0CF51B1DFFE100DDD8D4 /* channelCell.h */ = {isa = PBXFileReference; fileEncoding = 4; lastKnownFileType = sourcecode.c.h; path = channelCell.h; sourceTree = "<group>"; };
		7BCF0CF61B1DFFE100DDD8D4 /* channelCell.m */ = {isa = PBXFileReference; fileEncoding = 4; lastKnownFileType = sourcecode.c.objc; path = channelCell.m; sourceTree = "<group>"; };
		7BCF0CF81B1E020D00DDD8D4 /* Common.h */ = {isa = PBXFileReference; fileEncoding = 4; lastKnownFileType = sourcecode.c.h; path = Common.h; sourceTree = "<group>"; };
		7BCF0CF91B1E020D00DDD8D4 /* Common.m */ = {isa = PBXFileReference; fileEncoding = 4; lastKnownFileType = sourcecode.c.objc; path = Common.m; sourceTree = "<group>"; };
		7BCF0D001B1E06DA00DDD8D4 /* WebService.h */ = {isa = PBXFileReference; fileEncoding = 4; lastKnownFileType = sourcecode.c.h; path = WebService.h; sourceTree = "<group>"; };
		7BCF0D011B1E06DA00DDD8D4 /* WebService.m */ = {isa = PBXFileReference; fileEncoding = 4; lastKnownFileType = sourcecode.c.objc; path = WebService.m; sourceTree = "<group>"; };
		7BD9C2751D11906900EB744F /* loc.png */ = {isa = PBXFileReference; lastKnownFileType = image.png; path = loc.png; sourceTree = "<group>"; };
		7BD9C2771D11A37400EB744F /* uicontrol.xib */ = {isa = PBXFileReference; fileEncoding = 4; lastKnownFileType = file.xib; path = uicontrol.xib; sourceTree = "<group>"; };
		7BE416341CE5FE15001D324B /* GPSViewController.h */ = {isa = PBXFileReference; fileEncoding = 4; lastKnownFileType = sourcecode.c.h; path = GPSViewController.h; sourceTree = "<group>"; };
		7BE416351CE5FE15001D324B /* GPSViewController.m */ = {isa = PBXFileReference; fileEncoding = 4; lastKnownFileType = sourcecode.c.objc; path = GPSViewController.m; sourceTree = "<group>"; };
		7BE416371CE60D00001D324B /* AMapSearchKit.framework */ = {isa = PBXFileReference; lastKnownFileType = wrapper.framework; path = AMapSearchKit.framework; sourceTree = "<group>"; };
		7BE416391CE73F86001D324B /* app_logo.png */ = {isa = PBXFileReference; lastKnownFileType = image.png; path = app_logo.png; sourceTree = "<group>"; };
		7BE416461CE7729F001D324B /* TencentOpenApi_IOS_Bundle.bundle */ = {isa = PBXFileReference; lastKnownFileType = "wrapper.plug-in"; path = TencentOpenApi_IOS_Bundle.bundle; sourceTree = "<group>"; };
		7BE4164E1CE782A9001D324B /* TencentOpenAPI.framework */ = {isa = PBXFileReference; lastKnownFileType = wrapper.framework; path = TencentOpenAPI.framework; sourceTree = "<group>"; };
		7BE416501CE78567001D324B /* TencentClass.h */ = {isa = PBXFileReference; fileEncoding = 4; lastKnownFileType = sourcecode.c.h; path = TencentClass.h; sourceTree = "<group>"; };
		7BE416511CE78567001D324B /* TencentClass.m */ = {isa = PBXFileReference; fileEncoding = 4; lastKnownFileType = sourcecode.c.objc; path = TencentClass.m; sourceTree = "<group>"; };
		B45B62AD1D12A76800C57F30 /* len.png */ = {isa = PBXFileReference; lastKnownFileType = image.png; path = len.png; sourceTree = "<group>"; };
		B45B62AE1D12A76800C57F30 /* meetpoint.png */ = {isa = PBXFileReference; lastKnownFileType = image.png; path = meetpoint.png; sourceTree = "<group>"; };
		B45B62AF1D12A76800C57F30 /* boradcast.png */ = {isa = PBXFileReference; lastKnownFileType = image.png; path = boradcast.png; sourceTree = "<group>"; };
		B45B62B31D12A89400C57F30 /* ControlBtn.h */ = {isa = PBXFileReference; fileEncoding = 4; lastKnownFileType = sourcecode.c.h; path = ControlBtn.h; sourceTree = "<group>"; };
		B45B62B41D12A89400C57F30 /* ControlBtn.m */ = {isa = PBXFileReference; fileEncoding = 4; lastKnownFileType = sourcecode.c.objc; path = ControlBtn.m; sourceTree = "<group>"; };
		B464B6581CF5A664009A6A6F /* channelmaincell.xib */ = {isa = PBXFileReference; fileEncoding = 4; lastKnownFileType = file.xib; path = channelmaincell.xib; sourceTree = "<group>"; };
/* End PBXFileReference section */

/* Begin PBXFrameworksBuildPhase section */
		7BBC23221B1AF82800AA88DC /* Frameworks */ = {
			isa = PBXFrameworksBuildPhase;
			buildActionMask = 2147483647;
			files = (
				7B4CF66F1CDF7B57000D4415 /* libc++.tbd in Frameworks */,
				7BE4164F1CE782A9001D324B /* TencentOpenAPI.framework in Frameworks */,
				7B4CF66D1CDF7B1A000D4415 /* Foundation.framework in Frameworks */,
				7B4CF66B1CDF7B14000D4415 /* UIKit.framework in Frameworks */,
				7B4CF6691CDF7B09000D4415 /* Security.framework in Frameworks */,
				7B4CF6671CDF7B00000D4415 /* libstdc++.6.0.9.tbd in Frameworks */,
				7BE416381CE60D00001D324B /* AMapSearchKit.framework in Frameworks */,
				7B4CF6721CDF8DCB000D4415 /* AMapLocationKit.framework in Frameworks */,
				7B4CF6651CDF7AED000D4415 /* libz.tbd in Frameworks */,
				7B4CF6631CDF7ADD000D4415 /* SystemConfiguration.framework in Frameworks */,
				7B4CF6611CDF7ACE000D4415 /* CoreTelephony.framework in Frameworks */,
				7B4CF65F1CDF7AC1000D4415 /* CoreLocation.framework in Frameworks */,
				7B46CCA81CF1E32A00D0928E /* libWeChatSDK.a in Frameworks */,
				7B4CF65D1CDF7AB6000D4415 /* OpenGLES.framework in Frameworks */,
				7B4CF65B1CDF7AAD000D4415 /* QuartzCore.framework in Frameworks */,
				7B4CF6591CDF7A9E000D4415 /* CoreGraphics.framework in Frameworks */,
				7B4CF6571CDF79D3000D4415 /* MAMapKit.framework in Frameworks */,
				7B4CF6451CDF6F0C000D4415 /* Common.framework in Frameworks */,
				7B4CF64C1CDF6F3E000D4415 /* libHttpClass.a in Frameworks */,
			);
			runOnlyForDeploymentPostprocessing = 0;
		};
		7BBC233B1B1AF82800AA88DC /* Frameworks */ = {
			isa = PBXFrameworksBuildPhase;
			buildActionMask = 2147483647;
			files = (
			);
			runOnlyForDeploymentPostprocessing = 0;
		};
/* End PBXFrameworksBuildPhase section */

/* Begin PBXGroup section */
		7B17CC771B331DEA00F60BFF /* Launch */ = {
			isa = PBXGroup;
			children = (
				7BBC23371B1AF82800AA88DC /* LaunchScreen.xib */,
				7B17CC781B331E0500F60BFF /* LaunchView.h */,
				7B17CC791B331E0500F60BFF /* LaunchView.m */,
			);
			name = Launch;
			sourceTree = "<group>";
		};
		7B23F37E1B1B483C009779FC /* GPS */ = {
			isa = PBXGroup;
			children = (
				7B23F37F1B1B490B009779FC /* GPSClass.h */,
				7B23F3801B1B490B009779FC /* GPSClass.m */,
				7B4CF6731CDF91C6000D4415 /* GDLocation.h */,
				7B4CF6741CDF91C6000D4415 /* GDLocation.m */,
			);
			name = GPS;
			sourceTree = "<group>";
		};
		7B23F3821B1B537A009779FC /* View */ = {
			isa = PBXGroup;
			children = (
				7B4CA8541CE0DA360086111B /* mapview */,
				7B893F531B3B078400C1D776 /* user */,
				7BEAC3FD1B307DB7003A6E58 /* channel */,
				7BEAC3FC1B307DAC003A6E58 /* setting */,
				7B4475FD1B385B6300FEB452 /* MainTabBar.h */,
				7B4475FE1B385B6300FEB452 /* MainTabBar.m */,
			);
			name = View;
			sourceTree = "<group>";
		};
		7B23F3831B1B5399009779FC /* Common */ = {
			isa = PBXGroup;
			children = (
				7B46CCAD1CF1E64C00D0928E /* png.bundle */,
				7B46CCAA1CF1E64000D0928E /* SheetUI.h */,
				7B46CCAF1CF1E65800D0928E /* ShareClass.h */,
				7B46CCAB1CF1E64000D0928E /* SheetUI.m */,
				7BCF0CF81B1E020D00DDD8D4 /* Common.h */,
				7BCF0CF91B1E020D00DDD8D4 /* Common.m */,
				7BCF0CEF1B1DEB3400DDD8D4 /* info.h */,
				7BCF0CF01B1DEB3400DDD8D4 /* info.m */,
				7BCA9CAE1B2342E9006D6156 /* AlertView.h */,
				7BCA9CAF1B2342E9006D6156 /* AlertView.m */,
				7BC66C181D044CCD00AEF132 /* GroupInfo.h */,
				7BC66C191D044CCD00AEF132 /* GroupInfo.m */,
			);
			name = Common;
			sourceTree = "<group>";
		};
		7B4475E61B3845A600FEB452 /* channelpng */ = {
			isa = PBXGroup;
			children = (
				7B4475E71B3845B900FEB452 /* png1.png */,
				7B4475E81B3845B900FEB452 /* png2.png */,
				7B4475E91B3845B900FEB452 /* png3.png */,
				7B4475EA1B3845B900FEB452 /* png4.png */,
				7B4475EB1B3845B900FEB452 /* png5.png */,
				7B4475EC1B3845B900FEB452 /* png6.png */,
				7B4475ED1B3845B900FEB452 /* png7.png */,
				7B4475EE1B3845B900FEB452 /* png8.png */,
				7B4475EF1B3845B900FEB452 /* png9.png */,
				7B4475F01B3845B900FEB452 /* png10.png */,
				7B4475F11B3845B900FEB452 /* png11.png */,
			);
			name = channelpng;
			sourceTree = "<group>";
		};
		7B46CCA21CF1E32100D0928E /* WX */ = {
			isa = PBXGroup;
			children = (
				7B46CCA31CF1E32A00D0928E /* libWeChatSDK.a */,
				7B46CCA41CF1E32A00D0928E /* WeChatClass.h */,
				7B46CCA51CF1E32A00D0928E /* WeChatClass.m */,
				7B46CCA61CF1E32A00D0928E /* WXApi.h */,
				7B46CCA71CF1E32A00D0928E /* WXApiObject.h */,
			);
			name = WX;
			sourceTree = "<group>";
		};
		7B4CA8541CE0DA360086111B /* mapview */ = {
			isa = PBXGroup;
			children = (
				7B4CA8551CE0DA500086111B /* MapViewController.h */,
				7B4CA8561CE0DA500086111B /* MapViewController.m */,
				7BD9C2771D11A37400EB744F /* uicontrol.xib */,
				B45B62B31D12A89400C57F30 /* ControlBtn.h */,
				B45B62B41D12A89400C57F30 /* ControlBtn.m */,
			);
			name = mapview;
			sourceTree = "<group>";
		};
		7B4CF6471CDF6F3E000D4415 /* HttpClass */ = {
			isa = PBXGroup;
			children = (
				7B4CF6481CDF6F3E000D4415 /* AppleToken.h */,
				7B4CF6491CDF6F3E000D4415 /* HttpClass.h */,
				7B4CF64A1CDF6F3E000D4415 /* info.h */,
			);
			name = HttpClass;
			path = findpoint/include/HttpClass;
			sourceTree = "<group>";
		};
		7B4CF6531CDF79B4000D4415 /* map */ = {
			isa = PBXGroup;
			children = (
				7BE416371CE60D00001D324B /* AMapSearchKit.framework */,
				7B4CF6711CDF8DCB000D4415 /* AMapLocationKit.framework */,
				7B4CF6561CDF79D3000D4415 /* MAMapKit.framework */,
				7B4CF6541CDF79BD000D4415 /* AMap.bundle */,
			);
			name = map;
			sourceTree = "<group>";
		};
		7B6C7A9C1B442B010012000B /* Notification */ = {
			isa = PBXGroup;
			children = (
				7B6C7A9D1B4430A30012000B /* NotificationViewControl.h */,
				7B6C7A9E1B4430A30012000B /* NotificationViewControl.m */,
			);
			name = Notification;
			sourceTree = "<group>";
		};
		7B718C1E1B25E5CA00AE4D8B /* MBHUD */ = {
			isa = PBXGroup;
			children = (
				7B718C1F1B25E5E000AE4D8B /* MBProgressHUD.h */,
				7B718C201B25E5E000AE4D8B /* MBProgressHUD.m */,
			);
			name = MBHUD;
			sourceTree = "<group>";
		};
		7B893F4F1B3B028300C1D776 /* TranView */ = {
			isa = PBXGroup;
			children = (
				7B893F501B3B029A00C1D776 /* CMSCoinView.m */,
				7B893F511B3B029A00C1D776 /* CMSCoinView.h */,
			);
			name = TranView;
			sourceTree = "<group>";
		};
		7B893F531B3B078400C1D776 /* user */ = {
			isa = PBXGroup;
			children = (
				7B893F541B3B07AE00C1D776 /* LoginAndRegView.h */,
				7B893F551B3B07AE00C1D776 /* LoginAndRegView.m */,
				7B893F571B3B080300C1D776 /* LoginView.xib */,
				7B893F591B3B088900C1D776 /* LoginView.h */,
				7B893F5A1B3B088900C1D776 /* LoginView.m */,
				7BB2D2E31B3C4B1900397F20 /* RegView.xib */,
				7BB2D2E51B3C4B6500397F20 /* RegView.h */,
				7BB2D2E61B3C4B6500397F20 /* RegView.m */,
			);
			name = user;
			sourceTree = "<group>";
		};
		7BBC231C1B1AF82800AA88DC = {
			isa = PBXGroup;
			children = (
				7BBC23271B1AF82800AA88DC /* findpoint */,
				7BCF0CFB1B1E068F00DDD8D4 /* lib */,
				7BBC23261B1AF82800AA88DC /* Products */,
			);
			sourceTree = "<group>";
		};
		7BBC23261B1AF82800AA88DC /* Products */ = {
			isa = PBXGroup;
			children = (
				7BBC23251B1AF82800AA88DC /* findpoint.app */,
				7BBC233E1B1AF82800AA88DC /* findpointTests.xctest */,
			);
			name = Products;
			sourceTree = "<group>";
		};
		7BBC23271B1AF82800AA88DC /* findpoint */ = {
			isa = PBXGroup;
			children = (
				7B46CCA21CF1E32100D0928E /* WX */,
				7BE416531CE7856A001D324B /* QQ */,
				7BE416391CE73F86001D324B /* app_logo.png */,
				7B6C7A9C1B442B010012000B /* Notification */,
				7BC0AAE91B40469C00D53A84 /* CustomerView */,
				7BC0AAE61B40435000D53A84 /* txt */,
				7B893F4F1B3B028300C1D776 /* TranView */,
				7B17CC771B331DEA00F60BFF /* Launch */,
				7B718C1E1B25E5CA00AE4D8B /* MBHUD */,
				7BCA9CB11B2494F2006D6156 /* PNG */,
				7BCA9CAD1B2341D5006D6156 /* db */,
				7BCF0CFF1B1E06B700DDD8D4 /* webservice */,
				7B23F3831B1B5399009779FC /* Common */,
				7BBC232C1B1AF82800AA88DC /* AppDelegate.h */,
				7BBC232D1B1AF82800AA88DC /* AppDelegate.m */,
				7B23F37E1B1B483C009779FC /* GPS */,
				7BBC23351B1AF82800AA88DC /* Images.xcassets */,
				7BBC23321B1AF82800AA88DC /* Main.storyboard */,
				7BBC23281B1AF82800AA88DC /* Supporting Files */,
				7B23F3821B1B537A009779FC /* View */,
			);
			path = findpoint;
			sourceTree = "<group>";
		};
		7BBC23281B1AF82800AA88DC /* Supporting Files */ = {
			isa = PBXGroup;
			children = (
				7BBC23291B1AF82800AA88DC /* Info.plist */,
				7BBC232A1B1AF82800AA88DC /* main.m */,
			);
			name = "Supporting Files";
			sourceTree = "<group>";
		};
		7BC0AAE61B40435000D53A84 /* txt */ = {
			isa = PBXGroup;
			children = (
				7BC0AAE71B40437500D53A84 /* readme.txt */,
			);
			name = txt;
			sourceTree = "<group>";
		};
		7BC0AAE91B40469C00D53A84 /* CustomerView */ = {
			isa = PBXGroup;
			children = (
				7BC0AAED1B4057BD00D53A84 /* DKCircleButton.h */,
				7BC0AAEE1B4057BD00D53A84 /* DKCircleButton.m */,
			);
			name = CustomerView;
			sourceTree = "<group>";
		};
		7BCA9CAD1B2341D5006D6156 /* db */ = {
			isa = PBXGroup;
			children = (
			);
			name = db;
			sourceTree = "<group>";
		};
		7BCA9CB11B2494F2006D6156 /* PNG */ = {
			isa = PBXGroup;
			children = (
				B45B62AD1D12A76800C57F30 /* len.png */,
				B45B62AE1D12A76800C57F30 /* meetpoint.png */,
				B45B62AF1D12A76800C57F30 /* boradcast.png */,
				7BD9C2751D11906900EB744F /* loc.png */,
				7B1DFD231CF733CE00D72E86 /* state1.png */,
				7B1DFD241CF733CE00D72E86 /* state2.png */,
				7B1DFD251CF733CE00D72E86 /* state3.png */,
				7B1DFD261CF733CE00D72E86 /* state0.png */,
				7BBF69D01CF5FA8800C14D81 /* lock.png */,
				7BBF69D11CF5FA8800C14D81 /* open.png */,
				7B7C3C521CE233BB00D6668D /* btn_return.png */,
				7B7C3C4E1CE2330600D6668D /* btn_share.png */,
				7B4CF64F1CDF714A000D4415 /* settingbackimg.jpg */,
				7BAAB8381CD8E5D1003EBE37 /* about.png */,
				7BAAB8361CD8E591003EBE37 /* share.png */,
				7BAAB8341CD8E4B4003EBE37 /* gps.png */,
				7BAAB8321CD8E266003EBE37 /* color.png */,
				7BAAB8301CD8E1C6003EBE37 /* jiantou.png */,
				7B4475E61B3845A600FEB452 /* channelpng */,
				7BCA9CB21B24950E006D6156 /* png.xcassets */,
			);
			name = PNG;
			sourceTree = "<group>";
		};
		7BCF0CF21B1DFEBF00DDD8D4 /* cell */ = {
			isa = PBXGroup;
			children = (
				7BCF0CF31B1DFED700DDD8D4 /* channelCell.xib */,
				7BCF0CF51B1DFFE100DDD8D4 /* channelCell.h */,
				7BCF0CF61B1DFFE100DDD8D4 /* channelCell.m */,
				B464B6581CF5A664009A6A6F /* channelmaincell.xib */,
				7B1DFD2B1CF7348100D72E86 /* ChannelMainCell.h */,
				7B1DFD2C1CF7348100D72E86 /* ChannelMainCell.m */,
				7B419BE21D0991510037555D /* gridcellfornick.xib */,
				7B419BE41D0994E30037555D /* gridcellfornick.h */,
				7B419BE51D0994E30037555D /* gridcellfornick.m */,
			);
			name = cell;
			sourceTree = "<group>";
		};
		7BCF0CFB1B1E068F00DDD8D4 /* lib */ = {
			isa = PBXGroup;
			children = (
				7BE4164E1CE782A9001D324B /* TencentOpenAPI.framework */,
				7BE416461CE7729F001D324B /* TencentOpenApi_IOS_Bundle.bundle */,
				7B4CF66E1CDF7B57000D4415 /* libc++.tbd */,
				7B4CF66C1CDF7B1A000D4415 /* Foundation.framework */,
				7B4CF66A1CDF7B14000D4415 /* UIKit.framework */,
				7B4CF6681CDF7B09000D4415 /* Security.framework */,
				7B4CF6661CDF7B00000D4415 /* libstdc++.6.0.9.tbd */,
				7B4CF6641CDF7AED000D4415 /* libz.tbd */,
				7B4CF6621CDF7ADD000D4415 /* SystemConfiguration.framework */,
				7B4CF6601CDF7ACE000D4415 /* CoreTelephony.framework */,
				7B4CF65E1CDF7AC1000D4415 /* CoreLocation.framework */,
				7B4CF65C1CDF7AB6000D4415 /* OpenGLES.framework */,
				7B4CF65A1CDF7AAD000D4415 /* QuartzCore.framework */,
				7B4CF6581CDF7A9E000D4415 /* CoreGraphics.framework */,
				7B4CF6531CDF79B4000D4415 /* map */,
				7B4CF6441CDF6F0C000D4415 /* Common.framework */,
				7B4CF6471CDF6F3E000D4415 /* HttpClass */,
				7B4CF64B1CDF6F3E000D4415 /* libHttpClass.a */,
			);
			name = lib;
			sourceTree = "<group>";
		};
		7BCF0CFF1B1E06B700DDD8D4 /* webservice */ = {
			isa = PBXGroup;
			children = (
				7BCF0D001B1E06DA00DDD8D4 /* WebService.h */,
				7BCF0D011B1E06DA00DDD8D4 /* WebService.m */,
				7B4475E51B38304600FEB452 /* WebUrl.h */,
			);
			name = webservice;
			sourceTree = "<group>";
		};
		7BE416531CE7856A001D324B /* QQ */ = {
			isa = PBXGroup;
			children = (
				7BE416501CE78567001D324B /* TencentClass.h */,
				7BE416511CE78567001D324B /* TencentClass.m */,
			);
			name = QQ;
			sourceTree = "<group>";
		};
		7BEAC3FC1B307DAC003A6E58 /* setting */ = {
			isa = PBXGroup;
			children = (
				7B17CC741B32FC0900F60BFF /* settingMainViewController.h */,
				7B17CC751B32FC0900F60BFF /* settingMainViewController.m */,
				7B4CF63F1CDF6985000D4415 /* settingcell.xib */,
				7B4CF6411CDF6A8C000D4415 /* SettingCell.h */,
				7B4CF6421CDF6A8C000D4415 /* SettingCell.m */,
				7BE416341CE5FE15001D324B /* GPSViewController.h */,
				7BE416351CE5FE15001D324B /* GPSViewController.m */,
			);
			name = setting;
			sourceTree = "<group>";
		};
		7BEAC3FD1B307DB7003A6E58 /* channel */ = {
			isa = PBXGroup;
			children = (
				7BCF0CF21B1DFEBF00DDD8D4 /* cell */,
				7BB9C3D41B1CA63D0004225C /* channelViewController.h */,
				7BB9C3D51B1CA63D0004225C /* channelViewController.m */,
				7BB9C3D71B1CAC0D0004225C /* addchannel.h */,
				7BB9C3D81B1CAC0D0004225C /* addchannel.m */,
				7B021C611CF8968A006C2E24 /* SearchChannel.h */,
				7B021C621CF8968A006C2E24 /* SearchChannel.m */,
				7B419BDF1D0728B50037555D /* ChannelInfoController.h */,
				7B419BE01D0728B50037555D /* ChannelInfoController.m */,
			);
			name = channel;
			sourceTree = "<group>";
		};
/* End PBXGroup section */

/* Begin PBXNativeTarget section */
		7BBC23241B1AF82800AA88DC /* findpoint */ = {
			isa = PBXNativeTarget;
			buildConfigurationList = 7BBC23481B1AF82800AA88DC /* Build configuration list for PBXNativeTarget "findpoint" */;
			buildPhases = (
				7BBC23211B1AF82800AA88DC /* Sources */,
				7BBC23221B1AF82800AA88DC /* Frameworks */,
				7BBC23231B1AF82800AA88DC /* Resources */,
				7B4CF64D1CDF6FA7000D4415 /* CopyFiles */,
			);
			buildRules = (
			);
			dependencies = (
			);
			name = findpoint;
			productName = findpoint;
			productReference = 7BBC23251B1AF82800AA88DC /* findpoint.app */;
			productType = "com.apple.product-type.application";
		};
		7BBC233D1B1AF82800AA88DC /* findpointTests */ = {
			isa = PBXNativeTarget;
			buildConfigurationList = 7BBC234B1B1AF82800AA88DC /* Build configuration list for PBXNativeTarget "findpointTests" */;
			buildPhases = (
				7BBC233A1B1AF82800AA88DC /* Sources */,
				7BBC233B1B1AF82800AA88DC /* Frameworks */,
				7BBC233C1B1AF82800AA88DC /* Resources */,
			);
			buildRules = (
			);
			dependencies = (
				7BBC23401B1AF82800AA88DC /* PBXTargetDependency */,
			);
			name = findpointTests;
			productName = findpointTests;
			productReference = 7BBC233E1B1AF82800AA88DC /* findpointTests.xctest */;
			productType = "com.apple.product-type.bundle.unit-test";
		};
/* End PBXNativeTarget section */

/* Begin PBXProject section */
		7BBC231D1B1AF82800AA88DC /* Project object */ = {
			isa = PBXProject;
			attributes = {
				LastUpgradeCheck = 0630;
				ORGANIZATIONNAME = com.epoluodi.findpoint;
				TargetAttributes = {
					7BBC23241B1AF82800AA88DC = {
						CreatedOnToolsVersion = 6.3.2;
						DevelopmentTeam = RK2BTW6E76;
						SystemCapabilities = {
							com.apple.BackgroundModes = {
								enabled = 1;
							};
						};
					};
					7BBC233D1B1AF82800AA88DC = {
						CreatedOnToolsVersion = 6.3.2;
						TestTargetID = 7BBC23241B1AF82800AA88DC;
					};
				};
			};
			buildConfigurationList = 7BBC23201B1AF82800AA88DC /* Build configuration list for PBXProject "findpoint" */;
			compatibilityVersion = "Xcode 3.2";
			developmentRegion = English;
			hasScannedForEncodings = 0;
			knownRegions = (
				en,
				Base,
			);
			mainGroup = 7BBC231C1B1AF82800AA88DC;
			productRefGroup = 7BBC23261B1AF82800AA88DC /* Products */;
			projectDirPath = "";
			projectRoot = "";
			targets = (
				7BBC23241B1AF82800AA88DC /* findpoint */,
				7BBC233D1B1AF82800AA88DC /* findpointTests */,
			);
		};
/* End PBXProject section */

/* Begin PBXResourcesBuildPhase section */
		7BBC23231B1AF82800AA88DC /* Resources */ = {
			isa = PBXResourcesBuildPhase;
			buildActionMask = 2147483647;
			files = (
				B45B62B01D12A76800C57F30 /* len.png in Resources */,
				7BAAB8331CD8E266003EBE37 /* color.png in Resources */,
				7B4475FC1B3845B900FEB452 /* png11.png in Resources */,
				7BBF69D21CF5FA8800C14D81 /* lock.png in Resources */,
				7BE4163A1CE73F86001D324B /* app_logo.png in Resources */,
				B45B62B11D12A76800C57F30 /* meetpoint.png in Resources */,
				7B4475F51B3845B900FEB452 /* png4.png in Resources */,
				7B4CF6501CDF714A000D4415 /* settingbackimg.jpg in Resources */,
				7BBF69D31CF5FA8800C14D81 /* open.png in Resources */,
				7B1DFD271CF733CE00D72E86 /* state1.png in Resources */,
				7B1DFD2A1CF733CE00D72E86 /* state0.png in Resources */,
				7BD9C2761D11906900EB744F /* loc.png in Resources */,
				7BC0AAE81B40437500D53A84 /* readme.txt in Resources */,
				7BD9C2781D11A37400EB744F /* uicontrol.xib in Resources */,
				7B1DFD281CF733CE00D72E86 /* state2.png in Resources */,
				7B7C3C531CE233BB00D6668D /* btn_return.png in Resources */,
				B464B6591CF5A664009A6A6F /* channelmaincell.xib in Resources */,
				7B4475F71B3845B900FEB452 /* png6.png in Resources */,
				7B1DFD291CF733CE00D72E86 /* state3.png in Resources */,
				7B4CF6401CDF6985000D4415 /* settingcell.xib in Resources */,
				7B4475F41B3845B900FEB452 /* png3.png in Resources */,
				7B4475F91B3845B900FEB452 /* png8.png in Resources */,
				7B4CF6551CDF79BD000D4415 /* AMap.bundle in Resources */,
				7B4475F21B3845B900FEB452 /* png1.png in Resources */,
				7BCA9CB31B24950E006D6156 /* png.xcassets in Resources */,
				7BB2D2E41B3C4B1A00397F20 /* RegView.xib in Resources */,
				7B4475F81B3845B900FEB452 /* png7.png in Resources */,
				7B4475FB1B3845B900FEB452 /* png10.png in Resources */,
				7BBC23341B1AF82800AA88DC /* Main.storyboard in Resources */,
				7BAAB8371CD8E591003EBE37 /* share.png in Resources */,
				7BAAB8311CD8E1C6003EBE37 /* jiantou.png in Resources */,
				7B7C3C4F1CE2330600D6668D /* btn_share.png in Resources */,
				7B4475F31B3845B900FEB452 /* png2.png in Resources */,
				7BCF0CF41B1DFED700DDD8D4 /* channelCell.xib in Resources */,
				7B46CCAE1CF1E64C00D0928E /* png.bundle in Resources */,
				7BAAB8351CD8E4B4003EBE37 /* gps.png in Resources */,
				7B4475FA1B3845B900FEB452 /* png9.png in Resources */,
				B45B62B21D12A76800C57F30 /* boradcast.png in Resources */,
				7BBC23391B1AF82800AA88DC /* LaunchScreen.xib in Resources */,
				7B893F581B3B080300C1D776 /* LoginView.xib in Resources */,
				7B4475F61B3845B900FEB452 /* png5.png in Resources */,
				7BE416471CE7729F001D324B /* TencentOpenApi_IOS_Bundle.bundle in Resources */,
				7BBC23361B1AF82800AA88DC /* Images.xcassets in Resources */,
				7B419BE31D0991510037555D /* gridcellfornick.xib in Resources */,
				7BAAB8391CD8E5D1003EBE37 /* about.png in Resources */,
			);
			runOnlyForDeploymentPostprocessing = 0;
		};
		7BBC233C1B1AF82800AA88DC /* Resources */ = {
			isa = PBXResourcesBuildPhase;
			buildActionMask = 2147483647;
			files = (
			);
			runOnlyForDeploymentPostprocessing = 0;
		};
/* End PBXResourcesBuildPhase section */

/* Begin PBXSourcesBuildPhase section */
		7BBC23211B1AF82800AA88DC /* Sources */ = {
			isa = PBXSourcesBuildPhase;
			buildActionMask = 2147483647;
			files = (
				7B46CCA91CF1E32A00D0928E /* WeChatClass.m in Sources */,
				7B021C631CF8968A006C2E24 /* SearchChannel.m in Sources */,
				7B17CC761B32FC0900F60BFF /* settingMainViewController.m in Sources */,
				7B4CF6751CDF91C6000D4415 /* GDLocation.m in Sources */,
				7B893F561B3B07AE00C1D776 /* LoginAndRegView.m in Sources */,
				7BCF0D021B1E06DA00DDD8D4 /* WebService.m in Sources */,
				7BCF0CF71B1DFFE100DDD8D4 /* channelCell.m in Sources */,
				7B1DFD2D1CF7348100D72E86 /* ChannelMainCell.m in Sources */,
				7B23F3811B1B490B009779FC /* GPSClass.m in Sources */,
				7BCF0CF11B1DEB3400DDD8D4 /* info.m in Sources */,
				7B46CCAC1CF1E64000D0928E /* SheetUI.m in Sources */,
				7B718C211B25E5E000AE4D8B /* MBProgressHUD.m in Sources */,
				7B893F5B1B3B088900C1D776 /* LoginView.m in Sources */,
				7BBC232E1B1AF82800AA88DC /* AppDelegate.m in Sources */,
				7BCA9CB01B2342E9006D6156 /* AlertView.m in Sources */,
				7BC66C1A1D044CCD00AEF132 /* GroupInfo.m in Sources */,
				7B4475FF1B385B6300FEB452 /* MainTabBar.m in Sources */,
				7BCF0CFA1B1E020D00DDD8D4 /* Common.m in Sources */,
				B45B62B51D12A89400C57F30 /* ControlBtn.m in Sources */,
				7B4CA8571CE0DA500086111B /* MapViewController.m in Sources */,
				7B17CC7A1B331E0500F60BFF /* LaunchView.m in Sources */,
				7BE416361CE5FE15001D324B /* GPSViewController.m in Sources */,
				7BB9C3D91B1CAC0D0004225C /* addchannel.m in Sources */,
				7BB9C3D61B1CA63D0004225C /* channelViewController.m in Sources */,
				7BC0AAEF1B4057BD00D53A84 /* DKCircleButton.m in Sources */,
				7BBC232B1B1AF82800AA88DC /* main.m in Sources */,
				7B4CF6431CDF6A8C000D4415 /* SettingCell.m in Sources */,
				7B893F521B3B029A00C1D776 /* CMSCoinView.m in Sources */,
				7BB2D2E71B3C4B6500397F20 /* RegView.m in Sources */,
				7B419BE11D0728B50037555D /* ChannelInfoController.m in Sources */,
				7B6C7A9F1B4430A30012000B /* NotificationViewControl.m in Sources */,
				7B419BE61D0994E30037555D /* gridcellfornick.m in Sources */,
				7BE416521CE78567001D324B /* TencentClass.m in Sources */,
			);
			runOnlyForDeploymentPostprocessing = 0;
		};
		7BBC233A1B1AF82800AA88DC /* Sources */ = {
			isa = PBXSourcesBuildPhase;
			buildActionMask = 2147483647;
			files = (
			);
			runOnlyForDeploymentPostprocessing = 0;
		};
/* End PBXSourcesBuildPhase section */

/* Begin PBXTargetDependency section */
		7BBC23401B1AF82800AA88DC /* PBXTargetDependency */ = {
			isa = PBXTargetDependency;
			target = 7BBC23241B1AF82800AA88DC /* findpoint */;
			targetProxy = 7BBC233F1B1AF82800AA88DC /* PBXContainerItemProxy */;
		};
/* End PBXTargetDependency section */

/* Begin PBXVariantGroup section */
		7BBC23321B1AF82800AA88DC /* Main.storyboard */ = {
			isa = PBXVariantGroup;
			children = (
				7BBC23331B1AF82800AA88DC /* Base */,
			);
			name = Main.storyboard;
			sourceTree = "<group>";
		};
		7BBC23371B1AF82800AA88DC /* LaunchScreen.xib */ = {
			isa = PBXVariantGroup;
			children = (
				7BBC23381B1AF82800AA88DC /* Base */,
			);
			name = LaunchScreen.xib;
			sourceTree = "<group>";
		};
/* End PBXVariantGroup section */

/* Begin XCBuildConfiguration section */
		7BBC23461B1AF82800AA88DC /* Debug */ = {
			isa = XCBuildConfiguration;
			buildSettings = {
				ALWAYS_SEARCH_USER_PATHS = NO;
				CLANG_CXX_LANGUAGE_STANDARD = "gnu++0x";
				CLANG_CXX_LIBRARY = "libc++";
				CLANG_ENABLE_MODULES = YES;
				CLANG_ENABLE_OBJC_ARC = YES;
				CLANG_WARN_BOOL_CONVERSION = YES;
				CLANG_WARN_CONSTANT_CONVERSION = YES;
				CLANG_WARN_DIRECT_OBJC_ISA_USAGE = YES_ERROR;
				CLANG_WARN_EMPTY_BODY = YES;
				CLANG_WARN_ENUM_CONVERSION = YES;
				CLANG_WARN_INT_CONVERSION = YES;
				CLANG_WARN_OBJC_ROOT_CLASS = YES_ERROR;
				CLANG_WARN_UNREACHABLE_CODE = YES;
				CLANG_WARN__DUPLICATE_METHOD_MATCH = YES;
				"CODE_SIGN_IDENTITY[sdk=iphoneos*]" = "iPhone Developer";
				COPY_PHASE_STRIP = NO;
				DEBUG_INFORMATION_FORMAT = "dwarf-with-dsym";
				ENABLE_STRICT_OBJC_MSGSEND = YES;
				GCC_C_LANGUAGE_STANDARD = gnu99;
				GCC_DYNAMIC_NO_PIC = NO;
				GCC_NO_COMMON_BLOCKS = YES;
				GCC_OPTIMIZATION_LEVEL = 0;
				GCC_PREPROCESSOR_DEFINITIONS = (
					"DEBUG=1",
					"$(inherited)",
				);
				GCC_SYMBOLS_PRIVATE_EXTERN = NO;
				GCC_WARN_64_TO_32_BIT_CONVERSION = YES;
				GCC_WARN_ABOUT_RETURN_TYPE = YES_ERROR;
				GCC_WARN_UNDECLARED_SELECTOR = YES;
				GCC_WARN_UNINITIALIZED_AUTOS = YES_AGGRESSIVE;
				GCC_WARN_UNUSED_FUNCTION = YES;
				GCC_WARN_UNUSED_VARIABLE = YES;
				IPHONEOS_DEPLOYMENT_TARGET = 8.3;
				MTL_ENABLE_DEBUG_INFO = YES;
				ONLY_ACTIVE_ARCH = YES;
				SDKROOT = iphoneos;
			};
			name = Debug;
		};
		7BBC23471B1AF82800AA88DC /* Release */ = {
			isa = XCBuildConfiguration;
			buildSettings = {
				ALWAYS_SEARCH_USER_PATHS = NO;
				CLANG_CXX_LANGUAGE_STANDARD = "gnu++0x";
				CLANG_CXX_LIBRARY = "libc++";
				CLANG_ENABLE_MODULES = YES;
				CLANG_ENABLE_OBJC_ARC = YES;
				CLANG_WARN_BOOL_CONVERSION = YES;
				CLANG_WARN_CONSTANT_CONVERSION = YES;
				CLANG_WARN_DIRECT_OBJC_ISA_USAGE = YES_ERROR;
				CLANG_WARN_EMPTY_BODY = YES;
				CLANG_WARN_ENUM_CONVERSION = YES;
				CLANG_WARN_INT_CONVERSION = YES;
				CLANG_WARN_OBJC_ROOT_CLASS = YES_ERROR;
				CLANG_WARN_UNREACHABLE_CODE = YES;
				CLANG_WARN__DUPLICATE_METHOD_MATCH = YES;
				"CODE_SIGN_IDENTITY[sdk=iphoneos*]" = "iPhone Developer";
				COPY_PHASE_STRIP = NO;
				DEBUG_INFORMATION_FORMAT = "dwarf-with-dsym";
				ENABLE_NS_ASSERTIONS = NO;
				ENABLE_STRICT_OBJC_MSGSEND = YES;
				GCC_C_LANGUAGE_STANDARD = gnu99;
				GCC_NO_COMMON_BLOCKS = YES;
				GCC_WARN_64_TO_32_BIT_CONVERSION = YES;
				GCC_WARN_ABOUT_RETURN_TYPE = YES_ERROR;
				GCC_WARN_UNDECLARED_SELECTOR = YES;
				GCC_WARN_UNINITIALIZED_AUTOS = YES_AGGRESSIVE;
				GCC_WARN_UNUSED_FUNCTION = YES;
				GCC_WARN_UNUSED_VARIABLE = YES;
				IPHONEOS_DEPLOYMENT_TARGET = 8.3;
				MTL_ENABLE_DEBUG_INFO = NO;
				SDKROOT = iphoneos;
				VALIDATE_PRODUCT = YES;
			};
			name = Release;
		};
		7BBC23491B1AF82800AA88DC /* Debug */ = {
			isa = XCBuildConfiguration;
			buildSettings = {
				ASSETCATALOG_COMPILER_APPICON_NAME = AppIcon;
				CODE_SIGN_IDENTITY = "iPhone Developer";
				ENABLE_BITCODE = NO;
				FRAMEWORK_SEARCH_PATHS = (
					"$(inherited)",
					"$(PROJECT_DIR)/findpoint",
					"$(PROJECT_DIR)",
				);
				INFOPLIST_FILE = findpoint/Info.plist;
				IPHONEOS_DEPLOYMENT_TARGET = 9.0;
				LD_RUNPATH_SEARCH_PATHS = "$(inherited) @executable_path/Frameworks";
				LIBRARY_SEARCH_PATHS = (
					"$(inherited)",
					"$(PROJECT_DIR)",
					"$(PROJECT_DIR)/findpoint",
				);
				OTHER_LDFLAGS = "-ObjC";
				PRODUCT_NAME = "$(TARGET_NAME)";
			};
			name = Debug;
		};
		7BBC234A1B1AF82800AA88DC /* Release */ = {
			isa = XCBuildConfiguration;
			buildSettings = {
				ASSETCATALOG_COMPILER_APPICON_NAME = AppIcon;
				CODE_SIGN_IDENTITY = "iPhone Developer";
				ENABLE_BITCODE = NO;
				FRAMEWORK_SEARCH_PATHS = (
					"$(inherited)",
					"$(PROJECT_DIR)/findpoint",
					"$(PROJECT_DIR)",
				);
				INFOPLIST_FILE = findpoint/Info.plist;
				IPHONEOS_DEPLOYMENT_TARGET = 9.0;
				LD_RUNPATH_SEARCH_PATHS = "$(inherited) @executable_path/Frameworks";
				LIBRARY_SEARCH_PATHS = (
					"$(inherited)",
					"$(PROJECT_DIR)",
					"$(PROJECT_DIR)/findpoint",
				);
				OTHER_LDFLAGS = "-ObjC";
				PRODUCT_NAME = "$(TARGET_NAME)";
			};
			name = Release;
		};
		7BBC234C1B1AF82800AA88DC /* Debug */ = {
			isa = XCBuildConfiguration;
			buildSettings = {
				BUNDLE_LOADER = "$(TEST_HOST)";
				FRAMEWORK_SEARCH_PATHS = (
					"$(SDKROOT)/Developer/Library/Frameworks",
					"$(inherited)",
				);
				GCC_PREPROCESSOR_DEFINITIONS = (
					"DEBUG=1",
					"$(inherited)",
				);
				INFOPLIST_FILE = findpointTests/Info.plist;
				LD_RUNPATH_SEARCH_PATHS = "$(inherited) @executable_path/Frameworks @loader_path/Frameworks";
				PRODUCT_NAME = "$(TARGET_NAME)";
				TEST_HOST = "$(BUILT_PRODUCTS_DIR)/findpoint.app/findpoint";
			};
			name = Debug;
		};
		7BBC234D1B1AF82800AA88DC /* Release */ = {
			isa = XCBuildConfiguration;
			buildSettings = {
				BUNDLE_LOADER = "$(TEST_HOST)";
				FRAMEWORK_SEARCH_PATHS = (
					"$(SDKROOT)/Developer/Library/Frameworks",
					"$(inherited)",
				);
				INFOPLIST_FILE = findpointTests/Info.plist;
				LD_RUNPATH_SEARCH_PATHS = "$(inherited) @executable_path/Frameworks @loader_path/Frameworks";
				PRODUCT_NAME = "$(TARGET_NAME)";
				TEST_HOST = "$(BUILT_PRODUCTS_DIR)/findpoint.app/findpoint";
			};
			name = Release;
		};
/* End XCBuildConfiguration section */

/* Begin XCConfigurationList section */
		7BBC23201B1AF82800AA88DC /* Build configuration list for PBXProject "findpoint" */ = {
			isa = XCConfigurationList;
			buildConfigurations = (
				7BBC23461B1AF82800AA88DC /* Debug */,
				7BBC23471B1AF82800AA88DC /* Release */,
			);
			defaultConfigurationIsVisible = 0;
			defaultConfigurationName = Release;
		};
		7BBC23481B1AF82800AA88DC /* Build configuration list for PBXNativeTarget "findpoint" */ = {
			isa = XCConfigurationList;
			buildConfigurations = (
				7BBC23491B1AF82800AA88DC /* Debug */,
				7BBC234A1B1AF82800AA88DC /* Release */,
			);
			defaultConfigurationIsVisible = 0;
			defaultConfigurationName = Release;
		};
		7BBC234B1B1AF82800AA88DC /* Build configuration list for PBXNativeTarget "findpointTests" */ = {
			isa = XCConfigurationList;
			buildConfigurations = (
				7BBC234C1B1AF82800AA88DC /* Debug */,
				7BBC234D1B1AF82800AA88DC /* Release */,
			);
			defaultConfigurationIsVisible = 0;
			defaultConfigurationName = Release;
		};
/* End XCConfigurationList section */
	};
	rootObject = 7BBC231D1B1AF82800AA88DC /* Project object */;
}
